
Microsoft Visual Studio Solution File, Format Version 12.00
# Visual Studio Version 16
VisualStudioVersion = 16.0.30204.135
MinimumVisualStudioVersion = 10.0.40219.1
Project("{8BC9CEB8-8B4A-11D0-8D11-00A0C91BC942}") = "Flappy Bird c++", "Flappy Bird c++.vcxproj", "{FDCCBF9C-9AAE-468A-9469-D3A207E0F3C6}"
EndProject
Global
	GlobalSection(SolutionConfigurationPlatforms) = preSolution
		Debug|x64 = Debug|x64
		Debug|x86 = Debug|x86
		Release|x64 = Release|x64
		Release|x86 = Release|x86
	EndGlobalSection
	GlobalSection(ProjectConfigurationPlatforms) = postSolution
		{FDCCBF9C-9AAE-468A-9469-D3A207E0F3C6}.Debug|x64.ActiveCfg = Debug|x64
		{FDCCBF9C-9AAE-468A-9469-D3A207E0F3C6}.Debug|x64.Build.0 = Debug|x64
		{FDCCBF9C-9AAE-468A-9469-D3A207E0F3C6}.Debug|x86.ActiveCfg = Debug|Win32
		{FDCCBF9C-9AAE-468A-9469-D3A207E0F3C6}.Debug|x86.Build.0 = Debug|Win32
		{FDCCBF9C-9AAE-468A-9469-D3A207E0F3C6}.Release|x64.ActiveCfg = Release|x64
		{FDCCBF9C-9AAE-468A-9469-D3A207E0F3C6}.Release|x64.Build.0 = Release|x64
		{FDCCBF9C-9AAE-468A-9469-D3A207E0F3C6}.Release|x86.ActiveCfg = Release|Win32
		{FDCCBF9C-9AAE-468A-9469-D3A207E0F3C6}.Release|x86.Build.0 = Release|Win32
	EndGlobalSection
	GlobalSection(SolutionProperties) = preSolution
		HideSolutionNode = FALSE
	EndGlobalSection
	GlobalSection(ExtensibilityGlobals) = postSolution
		SolutionGuid = {0749C863-DD6F-499D-B665-31EEF0ACE2BA}
	EndGlobalSection
EndGlobal
